
Microsoft Visual Studio Solution File, Format Version 12.00
# Visual Studio Version 16
VisualStudioVersion = 16.0.31005.135
MinimumVisualStudioVersion = 10.0.40219.1
Project("{9A19103F-16F7-4668-BE54-9A1E7A4F7556}") = "SystemGroup.TokenIssuerServer", "SystemGroup.TokenIssuerServer\SystemGroup.TokenIssuerServer.csproj", "{4781A06C-7CCF-4174-BA9D-67E578ED5773}"
EndProject
Project("{9A19103F-16F7-4668-BE54-9A1E7A4F7556}") = "SystemGroup.MicroblogService", "SystemGroup.MicroblogService\SystemGroup.MicroblogService.csproj", "{B9956B0A-330F-448F-83CC-60641A4892FD}"
EndProject
Project("{9A19103F-16F7-4668-BE54-9A1E7A4F7556}") = "SystemGroup.Models", "SystemGroup.Models\SystemGroup.Models.csproj", "{0D4B0BB1-FAD2-4414-AB3B-BDFE5DE76055}"
EndProject
Project("{9A19103F-16F7-4668-BE54-9A1E7A4F7556}") = "SystemGroup.Data", "SystemGroup.Data\SystemGroup.Data.csproj", "{39C55303-3400-46B3-B80F-4D9436293CD6}"
EndProject
Project("{9A19103F-16F7-4668-BE54-9A1E7A4F7556}") = "SystemGroup.Utilities", "SystemGroup.Utilities\SystemGroup.Utilities.csproj", "{73DB658A-DA78-4335-9BC0-B7F33A191544}"
EndProject
Global
	GlobalSection(SolutionConfigurationPlatforms) = preSolution
		Debug|Any CPU = Debug|Any CPU
		Release|Any CPU = Release|Any CPU
	EndGlobalSection
	GlobalSection(ProjectConfigurationPlatforms) = postSolution
		{4781A06C-7CCF-4174-BA9D-67E578ED5773}.Debug|Any CPU.ActiveCfg = Debug|Any CPU
		{4781A06C-7CCF-4174-BA9D-67E578ED5773}.Debug|Any CPU.Build.0 = Debug|Any CPU
		{4781A06C-7CCF-4174-BA9D-67E578ED5773}.Release|Any CPU.ActiveCfg = Release|Any CPU
		{4781A06C-7CCF-4174-BA9D-67E578ED5773}.Release|Any CPU.Build.0 = Release|Any CPU
		{B9956B0A-330F-448F-83CC-60641A4892FD}.Debug|Any CPU.ActiveCfg = Debug|Any CPU
		{B9956B0A-330F-448F-83CC-60641A4892FD}.Debug|Any CPU.Build.0 = Debug|Any CPU
		{B9956B0A-330F-448F-83CC-60641A4892FD}.Release|Any CPU.ActiveCfg = Release|Any CPU
		{B9956B0A-330F-448F-83CC-60641A4892FD}.Release|Any CPU.Build.0 = Release|Any CPU
		{0D4B0BB1-FAD2-4414-AB3B-BDFE5DE76055}.Debug|Any CPU.ActiveCfg = Debug|Any CPU
		{0D4B0BB1-FAD2-4414-AB3B-BDFE5DE76055}.Debug|Any CPU.Build.0 = Debug|Any CPU
		{0D4B0BB1-FAD2-4414-AB3B-BDFE5DE76055}.Release|Any CPU.ActiveCfg = Release|Any CPU
		{0D4B0BB1-FAD2-4414-AB3B-BDFE5DE76055}.Release|Any CPU.Build.0 = Release|Any CPU
		{39C55303-3400-46B3-B80F-4D9436293CD6}.Debug|Any CPU.ActiveCfg = Debug|Any CPU
		{39C55303-3400-46B3-B80F-4D9436293CD6}.Debug|Any CPU.Build.0 = Debug|Any CPU
		{39C55303-3400-46B3-B80F-4D9436293CD6}.Release|Any CPU.ActiveCfg = Release|Any CPU
		{39C55303-3400-46B3-B80F-4D9436293CD6}.Release|Any CPU.Build.0 = Release|Any CPU
		{73DB658A-DA78-4335-9BC0-B7F33A191544}.Debug|Any CPU.ActiveCfg = Debug|Any CPU
		{73DB658A-DA78-4335-9BC0-B7F33A191544}.Debug|Any CPU.Build.0 = Debug|Any CPU
		{73DB658A-DA78-4335-9BC0-B7F33A191544}.Release|Any CPU.ActiveCfg = Release|Any CPU
		{73DB658A-DA78-4335-9BC0-B7F33A191544}.Release|Any CPU.Build.0 = Release|Any CPU
	EndGlobalSection
	GlobalSection(SolutionProperties) = preSolution
		HideSolutionNode = FALSE
	EndGlobalSection
	GlobalSection(ExtensibilityGlobals) = postSolution
		SolutionGuid = {D26EBE9D-7722-41D8-9C62-9D15E21E2B44}
	EndGlobalSection
EndGlobal
